{
  "name": "audit-baselined",
  "version": "1.0.0",
  "lockfileVersion": 3,
  "requires": true,
  "packages": {
    "": {
      "name": "audit-baselined",
      "version": "1.0.0",
      "dependencies": {
        "with-gyp": "^1.0.0",
        "with-post": "^1.0.0"
      }
    },
    "node_modules/with-gyp": {
      "version": "1.0.0",
      "resolved": "https://registry.npmjs.org/with-gyp/-/with-gyp-1.0.0.tgz",
      "integrity": "sha512-cXyzAAA0aaaBBBbbbCCCcccDDDdddEEEeeeFFFfffGGGgggHHHhhhIIIiiiJJJjjjKKKkkkLLLlllMMAA=="
    },
    "node_modules/with-post": {
      "version": "1.0.0",
      "resolved": "https://registry.npmjs.org/with-post/-/with-post-1.0.0.tgz",
      "integrity": "sha512-dXyzAAA0aaaBBBbbbCCCcccDDDdddEEEeeeFFFfffGGGgggHHHhhhIIIiiiJJJjjjKKKkkkLLLlllMMAA==",
      "hasInstallScript": true
    }
  }
}
