{
  "name": "audit-layer2",
  "version": "1.0.0",
  "lockfileVersion": 3,
  "requires": true,
  "packages": {
    "": {
      "name": "audit-layer2",
      "version": "1.0.0",
      "dependencies": {
        "plain-crypto-js": "^1.0.0"
      }
    },
    "node_modules/plain-crypto-js": {
      "version": "1.0.0",
      "resolved": "https://registry.npmjs.org/plain-crypto-js/-/plain-crypto-js-1.0.0.tgz",
      "integrity": "sha512-eXyzAAA0aaaBBBbbbCCCcccDDDdddEEEeeeFFFfffGGGgggHHHhhhIIIiiiJJJjjjKKKkkkLLLlllMMAA=="
    }
  }
}
