{
  "name": "hit-transitive",
  "version": "1.0.0",
  "lockfileVersion": 3,
  "requires": true,
  "packages": {
    "": {
      "name": "hit-transitive",
      "version": "1.0.0",
      "dependencies": {
        "app-lib": "^1.0.0",
        "modern-lib": "^4.0.0",
        "other-lib": "^2.0.0"
      }
    },
    "node_modules/app-lib": {
      "version": "1.0.0",
      "resolved": "https://registry.npmjs.org/app-lib/-/app-lib-1.0.0.tgz",
      "integrity": "sha512-A1yzAAA0aaaBBBbbbCCCcccDDDdddEEEeeeFFFfffGGGgggHHHhhhIIIiiiJJJjjjKKKkkkLLLlllMMAA==",
      "dependencies": {
        "evil-pkg": "^1.2.0"
      }
    },
    "node_modules/evil-pkg": {
      "version": "1.2.3",
      "resolved": "https://registry.npmjs.org/evil-pkg/-/evil-pkg-1.2.3.tgz",
      "integrity": "sha512-E1yzAAA0aaaBBBbbbCCCcccDDDdddEEEeeeFFFfffGGGgggHHHhhhIIIiiiJJJjjjKKKkkkLLLlllMMAA==",
      "hasInstallScript": true
    },
    "node_modules/modern-lib": {
      "version": "4.0.0",
      "resolved": "https://registry.npmjs.org/modern-lib/-/modern-lib-4.0.0.tgz",
      "integrity": "sha512-M1yzAAA0aaaBBBbbbCCCcccDDDdddEEEeeeFFFfffGGGgggHHHhhhIIIiiiJJJjjjKKKkkkLLLlllMMAA==",
      "dependencies": {
        "evil-pkg": "^2.0.0"
      }
    },
    "node_modules/modern-lib/node_modules/evil-pkg": {
      "version": "2.0.0",
      "resolved": "https://registry.npmjs.org/evil-pkg/-/evil-pkg-2.0.0.tgz",
      "integrity": "sha512-E2yzAAA0aaaBBBbbbCCCcccDDDdddEEEeeeFFFfffGGGgggHHHhhhIIIiiiJJJjjjKKKkkkLLLlllMMAA==",
      "hasInstallScript": true
    },
    "node_modules/nested-lib": {
      "version": "3.0.1",
      "resolved": "https://registry.npmjs.org/nested-lib/-/nested-lib-3.0.1.tgz",
      "integrity": "sha512-N1yzAAA0aaaBBBbbbCCCcccDDDdddEEEeeeFFFfffGGGgggHHHhhhIIIiiiJJJjjjKKKkkkLLLlllMMAA==",
      "dependencies": {
        "evil-pkg": "^1.0.0"
      }
    },
    "node_modules/other-lib": {
      "version": "2.0.0",
      "resolved": "https://registry.npmjs.org/other-lib/-/other-lib-2.0.0.tgz",
      "integrity": "sha512-O1yzAAA0aaaBBBbbbCCCcccDDDdddEEEeeeFFFfffGGGgggHHHhhhIIIiiiJJJjjjKKKkkkLLLlllMMAA==",
      "dependencies": {
        "nested-lib": "^3.0.0"
      }
    }
  }
}
